
Microsoft Visual Studio Solution File, Format Version 12.00
# Visual Studio Version 17
VisualStudioVersion = 17.2.32505.173
MinimumVisualStudioVersion = 10.0.40219.1
Project("{FAE04EC0-301F-11D3-BF4B-00C04F79EFBC}") = "BlazorApp", "BlazorApp\BlazorApp.csproj", "{50586EE6-9EFF-4D99-AD20-A79FCB395534}"
EndProject
Project("{FAE04EC0-301F-11D3-BF4B-00C04F79EFBC}") = "Initializer", "Initializer\Initializer.csproj", "{9CD45E55-5D59-4525-8195-BE81E3802DCA}"
EndProject
Global
	GlobalSection(SolutionConfigurationPlatforms) = preSolution
		Debug|Any CPU = Debug|Any CPU
		Release|Any CPU = Release|Any CPU
	EndGlobalSection
	GlobalSection(ProjectConfigurationPlatforms) = postSolution
		{50586EE6-9EFF-4D99-AD20-A79FCB395534}.Debug|Any CPU.ActiveCfg = Debug|Any CPU
		{50586EE6-9EFF-4D99-AD20-A79FCB395534}.Debug|Any CPU.Build.0 = Debug|Any CPU
		{50586EE6-9EFF-4D99-AD20-A79FCB395534}.Release|Any CPU.ActiveCfg = Release|Any CPU
		{50586EE6-9EFF-4D99-AD20-A79FCB395534}.Release|Any CPU.Build.0 = Release|Any CPU
		{9CD45E55-5D59-4525-8195-BE81E3802DCA}.Debug|Any CPU.ActiveCfg = Debug|Any CPU
		{9CD45E55-5D59-4525-8195-BE81E3802DCA}.Debug|Any CPU.Build.0 = Debug|Any CPU
		{9CD45E55-5D59-4525-8195-BE81E3802DCA}.Release|Any CPU.ActiveCfg = Release|Any CPU
		{9CD45E55-5D59-4525-8195-BE81E3802DCA}.Release|Any CPU.Build.0 = Release|Any CPU
	EndGlobalSection
	GlobalSection(SolutionProperties) = preSolution
		HideSolutionNode = FALSE
	EndGlobalSection
	GlobalSection(ExtensibilityGlobals) = postSolution
		SolutionGuid = {7BB55266-B683-4AEC-A426-D090AFE2DB91}
	EndGlobalSection
EndGlobal
